
Microsoft Visual Studio Solution File, Format Version 12.00
# Visual Studio 15
VisualStudioVersion = 15.0.26730.10
MinimumVisualStudioVersion = 10.0.40219.1
Project("{2150E333-8FDC-42A3-9474-1A3956D46DE8}") = "src", "src", "{89117899-6EF6-427E-B3C6-946ACEEF294D}"
EndProject
Project("{2150E333-8FDC-42A3-9474-1A3956D46DE8}") = "Solution Items", "Solution Items", "{1E5D1812-D2F3-42D9-A43B-478A7D7D80FC}"
EndProject
Project("{2150E333-8FDC-42A3-9474-1A3956D46DE8}") = "Modules", "Modules", "{20959FD4-9375-4F75-839B-029A0DF29DAC}"
	ProjectSection(SolutionItems) = preProject
		src\Webhost\appsettings.json = src\Webhost\appsettings.json
	EndProjectSection
EndProject
Project("{9A19103F-16F7-4668-BE54-9A1E7A4F7556}") = "CoreIn.Modules.App", "src\Modules\CoreIn.Modules.App\CoreIn.Modules.App.csproj", "{C80EDBD2-9555-499A-8903-AECBE3CE647C}"
EndProject
Project("{9A19103F-16F7-4668-BE54-9A1E7A4F7556}") = "Webhost", "src\Webhost\Webhost.csproj", "{E26D0B3E-B67C-4EBE-94C6-93274E582A14}"
EndProject
Project("{2150E333-8FDC-42A3-9474-1A3956D46DE8}") = "Libraries", "Libraries", "{E888586F-0FCC-40A3-B6A1-8DBC2136285C}"
EndProject
Project("{9A19103F-16F7-4668-BE54-9A1E7A4F7556}") = "CoreIn.Package", "src\Libraries\CoreIn.Package\CoreIn.Package.csproj", "{CE61844F-7D03-4FFE-8738-291969E86FB5}"
EndProject
Project("{9A19103F-16F7-4668-BE54-9A1E7A4F7556}") = "CoreIn.DataProvider", "src\Libraries\CoreIn.DataProvider\CoreIn.DataProvider.csproj", "{7C0DFA87-6760-4818-BE92-54104F927B6F}"
EndProject
Project("{9A19103F-16F7-4668-BE54-9A1E7A4F7556}") = "CoreIn.Models", "src\Libraries\CoreIn.Models\CoreIn.Models.csproj", "{BCE5406E-2B0C-401D-996E-E2BF2AADC52C}"
EndProject
Project("{9A19103F-16F7-4668-BE54-9A1E7A4F7556}") = "CoreIn.Modular", "src\Libraries\CoreIn.Modular\CoreIn.Modular.csproj", "{0693CB53-C2EC-482E-BCAE-493E6B1BBEC4}"
EndProject
Project("{9A19103F-16F7-4668-BE54-9A1E7A4F7556}") = "CoreIn.App", "src\Libraries\CoreIn.App\CoreIn.App.csproj", "{64F4E564-2998-4997-B753-AA58CC1E65AE}"
EndProject
Project("{9A19103F-16F7-4668-BE54-9A1E7A4F7556}") = "CoreIn.Media", "src\Libraries\CoreIn.Media\CoreIn.Media.csproj", "{27496599-E9D2-448E-BB41-F6CA6E01FDF6}"
EndProject
Project("{9A19103F-16F7-4668-BE54-9A1E7A4F7556}") = "CoreIn.Resources", "src\Libraries\CoreIn.Resources\CoreIn.Resources.csproj", "{C6C970CF-CFF5-48DA-BFC4-0846A1B25B92}"
EndProject
Project("{9A19103F-16F7-4668-BE54-9A1E7A4F7556}") = "CoreIn.Modules.Register", "src\Modules\CoreIn.Modules.Register\CoreIn.Modules.Register.csproj", "{CD385858-B767-4FA3-A08B-96476C95AC06}"
EndProject
Project("{9A19103F-16F7-4668-BE54-9A1E7A4F7556}") = "CoreIn.Modules.Login", "src\Modules\CoreIn.Modules.Login\CoreIn.Modules.Login.csproj", "{FAB9BABE-3C3C-4DF0-B7FD-C83A80395A21}"
EndProject
Project("{2150E333-8FDC-42A3-9474-1A3956D46DE8}") = "Accounts", "Accounts", "{D7AEE59B-5776-4D1A-97DB-255C475CE054}"
EndProject
Project("{9A19103F-16F7-4668-BE54-9A1E7A4F7556}") = "CoreIn.Commons", "src\Libraries\CoreIn.Commons\CoreIn.Commons.csproj", "{14296729-94F5-4EDA-8DDC-3F0F475C810C}"
EndProject
Project("{9A19103F-16F7-4668-BE54-9A1E7A4F7556}") = "CoreIn.EntityCore", "src\Libraries\CoreIn.EntityCore\CoreIn.EntityCore.csproj", "{E59686B0-F0B3-47D8-B72E-0061406CA78B}"
EndProject
Project("{9A19103F-16F7-4668-BE54-9A1E7A4F7556}") = "CoreIn.Modules.Homeclick", "src\Modules\CoreIn.Modules.Homeclick\CoreIn.Modules.Homeclick.csproj", "{0E2049F5-7E83-4F73-ACBC-C56D737C21F0}"
EndProject
Project("{2150E333-8FDC-42A3-9474-1A3956D46DE8}") = "DbGroupVn", "DbGroupVn", "{EF037254-C21F-4EDA-98D1-9BFF2FEE3156}"
EndProject
Project("{9A19103F-16F7-4668-BE54-9A1E7A4F7556}") = "CoreIn.Modules.FileManager", "src\Modules\CoreIn.Modules.FileManager\CoreIn.Modules.FileManager.csproj", "{8069BD4A-7A89-4DF6-AEDF-638B804984E4}"
EndProject
Project("{9A19103F-16F7-4668-BE54-9A1E7A4F7556}") = "Corein.Modules.Post", "src\Modules\Corein.Modules.Post\Corein.Modules.Post.csproj", "{2C8F9C9B-965E-45E9-B897-09F440EE24AF}"
EndProject
Project("{2150E333-8FDC-42A3-9474-1A3956D46DE8}") = "Themes", "Themes", "{28B577A4-3315-4859-87A4-6B1386CE67C0}"
EndProject
Project("{9A19103F-16F7-4668-BE54-9A1E7A4F7556}") = "CoreIn.Themes.DbGroupVn", "src\Modules\CoreIn.Themes.DbGroupVn\CoreIn.Themes.DbGroupVn.csproj", "{6A45B0FE-5E3E-4E3D-9C4E-5BDA1896D1F5}"
EndProject
Project("{9A19103F-16F7-4668-BE54-9A1E7A4F7556}") = "CoreIn.Modules.TaxonomyUI", "src\Modules\CoreIn.Modules.TaxonomyUI\CoreIn.Modules.TaxonomyUI.csproj", "{D9AD11D5-2E55-4581-9AA3-BDD74B617805}"
EndProject
Global
	GlobalSection(SolutionConfigurationPlatforms) = preSolution
		Debug|Any CPU = Debug|Any CPU
		Release|Any CPU = Release|Any CPU
	EndGlobalSection
	GlobalSection(ProjectConfigurationPlatforms) = postSolution
		{C80EDBD2-9555-499A-8903-AECBE3CE647C}.Debug|Any CPU.ActiveCfg = Debug|Any CPU
		{C80EDBD2-9555-499A-8903-AECBE3CE647C}.Debug|Any CPU.Build.0 = Debug|Any CPU
		{C80EDBD2-9555-499A-8903-AECBE3CE647C}.Release|Any CPU.ActiveCfg = Release|Any CPU
		{C80EDBD2-9555-499A-8903-AECBE3CE647C}.Release|Any CPU.Build.0 = Release|Any CPU
		{E26D0B3E-B67C-4EBE-94C6-93274E582A14}.Debug|Any CPU.ActiveCfg = Debug|Any CPU
		{E26D0B3E-B67C-4EBE-94C6-93274E582A14}.Debug|Any CPU.Build.0 = Debug|Any CPU
		{E26D0B3E-B67C-4EBE-94C6-93274E582A14}.Release|Any CPU.ActiveCfg = Release|Any CPU
		{E26D0B3E-B67C-4EBE-94C6-93274E582A14}.Release|Any CPU.Build.0 = Release|Any CPU
		{CE61844F-7D03-4FFE-8738-291969E86FB5}.Debug|Any CPU.ActiveCfg = Debug|Any CPU
		{CE61844F-7D03-4FFE-8738-291969E86FB5}.Debug|Any CPU.Build.0 = Debug|Any CPU
		{CE61844F-7D03-4FFE-8738-291969E86FB5}.Release|Any CPU.ActiveCfg = Release|Any CPU
		{CE61844F-7D03-4FFE-8738-291969E86FB5}.Release|Any CPU.Build.0 = Release|Any CPU
		{7C0DFA87-6760-4818-BE92-54104F927B6F}.Debug|Any CPU.ActiveCfg = Debug|Any CPU
		{7C0DFA87-6760-4818-BE92-54104F927B6F}.Debug|Any CPU.Build.0 = Debug|Any CPU
		{7C0DFA87-6760-4818-BE92-54104F927B6F}.Release|Any CPU.ActiveCfg = Release|Any CPU
		{7C0DFA87-6760-4818-BE92-54104F927B6F}.Release|Any CPU.Build.0 = Release|Any CPU
		{BCE5406E-2B0C-401D-996E-E2BF2AADC52C}.Debug|Any CPU.ActiveCfg = Debug|Any CPU
		{BCE5406E-2B0C-401D-996E-E2BF2AADC52C}.Debug|Any CPU.Build.0 = Debug|Any CPU
		{BCE5406E-2B0C-401D-996E-E2BF2AADC52C}.Release|Any CPU.ActiveCfg = Release|Any CPU
		{BCE5406E-2B0C-401D-996E-E2BF2AADC52C}.Release|Any CPU.Build.0 = Release|Any CPU
		{0693CB53-C2EC-482E-BCAE-493E6B1BBEC4}.Debug|Any CPU.ActiveCfg = Debug|Any CPU
		{0693CB53-C2EC-482E-BCAE-493E6B1BBEC4}.Debug|Any CPU.Build.0 = Debug|Any CPU
		{0693CB53-C2EC-482E-BCAE-493E6B1BBEC4}.Release|Any CPU.ActiveCfg = Release|Any CPU
		{0693CB53-C2EC-482E-BCAE-493E6B1BBEC4}.Release|Any CPU.Build.0 = Release|Any CPU
		{64F4E564-2998-4997-B753-AA58CC1E65AE}.Debug|Any CPU.ActiveCfg = Debug|Any CPU
		{64F4E564-2998-4997-B753-AA58CC1E65AE}.Debug|Any CPU.Build.0 = Debug|Any CPU
		{64F4E564-2998-4997-B753-AA58CC1E65AE}.Release|Any CPU.ActiveCfg = Release|Any CPU
		{64F4E564-2998-4997-B753-AA58CC1E65AE}.Release|Any CPU.Build.0 = Release|Any CPU
		{27496599-E9D2-448E-BB41-F6CA6E01FDF6}.Debug|Any CPU.ActiveCfg = Debug|Any CPU
		{27496599-E9D2-448E-BB41-F6CA6E01FDF6}.Debug|Any CPU.Build.0 = Debug|Any CPU
		{27496599-E9D2-448E-BB41-F6CA6E01FDF6}.Release|Any CPU.ActiveCfg = Release|Any CPU
		{27496599-E9D2-448E-BB41-F6CA6E01FDF6}.Release|Any CPU.Build.0 = Release|Any CPU
		{C6C970CF-CFF5-48DA-BFC4-0846A1B25B92}.Debug|Any CPU.ActiveCfg = Debug|Any CPU
		{C6C970CF-CFF5-48DA-BFC4-0846A1B25B92}.Debug|Any CPU.Build.0 = Debug|Any CPU
		{C6C970CF-CFF5-48DA-BFC4-0846A1B25B92}.Release|Any CPU.ActiveCfg = Release|Any CPU
		{C6C970CF-CFF5-48DA-BFC4-0846A1B25B92}.Release|Any CPU.Build.0 = Release|Any CPU
		{CD385858-B767-4FA3-A08B-96476C95AC06}.Debug|Any CPU.ActiveCfg = Debug|Any CPU
		{CD385858-B767-4FA3-A08B-96476C95AC06}.Debug|Any CPU.Build.0 = Debug|Any CPU
		{CD385858-B767-4FA3-A08B-96476C95AC06}.Release|Any CPU.ActiveCfg = Release|Any CPU
		{CD385858-B767-4FA3-A08B-96476C95AC06}.Release|Any CPU.Build.0 = Release|Any CPU
		{FAB9BABE-3C3C-4DF0-B7FD-C83A80395A21}.Debug|Any CPU.ActiveCfg = Debug|Any CPU
		{FAB9BABE-3C3C-4DF0-B7FD-C83A80395A21}.Debug|Any CPU.Build.0 = Debug|Any CPU
		{FAB9BABE-3C3C-4DF0-B7FD-C83A80395A21}.Release|Any CPU.ActiveCfg = Release|Any CPU
		{FAB9BABE-3C3C-4DF0-B7FD-C83A80395A21}.Release|Any CPU.Build.0 = Release|Any CPU
		{14296729-94F5-4EDA-8DDC-3F0F475C810C}.Debug|Any CPU.ActiveCfg = Debug|Any CPU
		{14296729-94F5-4EDA-8DDC-3F0F475C810C}.Debug|Any CPU.Build.0 = Debug|Any CPU
		{14296729-94F5-4EDA-8DDC-3F0F475C810C}.Release|Any CPU.ActiveCfg = Release|Any CPU
		{14296729-94F5-4EDA-8DDC-3F0F475C810C}.Release|Any CPU.Build.0 = Release|Any CPU
		{E59686B0-F0B3-47D8-B72E-0061406CA78B}.Debug|Any CPU.ActiveCfg = Debug|Any CPU
		{E59686B0-F0B3-47D8-B72E-0061406CA78B}.Debug|Any CPU.Build.0 = Debug|Any CPU
		{E59686B0-F0B3-47D8-B72E-0061406CA78B}.Release|Any CPU.ActiveCfg = Release|Any CPU
		{E59686B0-F0B3-47D8-B72E-0061406CA78B}.Release|Any CPU.Build.0 = Release|Any CPU
		{0E2049F5-7E83-4F73-ACBC-C56D737C21F0}.Debug|Any CPU.ActiveCfg = Debug|Any CPU
		{0E2049F5-7E83-4F73-ACBC-C56D737C21F0}.Debug|Any CPU.Build.0 = Debug|Any CPU
		{0E2049F5-7E83-4F73-ACBC-C56D737C21F0}.Release|Any CPU.ActiveCfg = Release|Any CPU
		{0E2049F5-7E83-4F73-ACBC-C56D737C21F0}.Release|Any CPU.Build.0 = Release|Any CPU
		{8069BD4A-7A89-4DF6-AEDF-638B804984E4}.Debug|Any CPU.ActiveCfg = Debug|Any CPU
		{8069BD4A-7A89-4DF6-AEDF-638B804984E4}.Debug|Any CPU.Build.0 = Debug|Any CPU
		{8069BD4A-7A89-4DF6-AEDF-638B804984E4}.Release|Any CPU.ActiveCfg = Release|Any CPU
		{8069BD4A-7A89-4DF6-AEDF-638B804984E4}.Release|Any CPU.Build.0 = Release|Any CPU
		{2C8F9C9B-965E-45E9-B897-09F440EE24AF}.Debug|Any CPU.ActiveCfg = Debug|Any CPU
		{2C8F9C9B-965E-45E9-B897-09F440EE24AF}.Debug|Any CPU.Build.0 = Debug|Any CPU
		{2C8F9C9B-965E-45E9-B897-09F440EE24AF}.Release|Any CPU.ActiveCfg = Release|Any CPU
		{2C8F9C9B-965E-45E9-B897-09F440EE24AF}.Release|Any CPU.Build.0 = Release|Any CPU
		{6A45B0FE-5E3E-4E3D-9C4E-5BDA1896D1F5}.Debug|Any CPU.ActiveCfg = Debug|Any CPU
		{6A45B0FE-5E3E-4E3D-9C4E-5BDA1896D1F5}.Debug|Any CPU.Build.0 = Debug|Any CPU
		{6A45B0FE-5E3E-4E3D-9C4E-5BDA1896D1F5}.Release|Any CPU.ActiveCfg = Release|Any CPU
		{6A45B0FE-5E3E-4E3D-9C4E-5BDA1896D1F5}.Release|Any CPU.Build.0 = Release|Any CPU
		{D9AD11D5-2E55-4581-9AA3-BDD74B617805}.Debug|Any CPU.ActiveCfg = Debug|Any CPU
		{D9AD11D5-2E55-4581-9AA3-BDD74B617805}.Debug|Any CPU.Build.0 = Debug|Any CPU
		{D9AD11D5-2E55-4581-9AA3-BDD74B617805}.Release|Any CPU.ActiveCfg = Release|Any CPU
		{D9AD11D5-2E55-4581-9AA3-BDD74B617805}.Release|Any CPU.Build.0 = Release|Any CPU
	EndGlobalSection
	GlobalSection(SolutionProperties) = preSolution
		HideSolutionNode = FALSE
	EndGlobalSection
	GlobalSection(NestedProjects) = preSolution
		{20959FD4-9375-4F75-839B-029A0DF29DAC} = {89117899-6EF6-427E-B3C6-946ACEEF294D}
		{C80EDBD2-9555-499A-8903-AECBE3CE647C} = {20959FD4-9375-4F75-839B-029A0DF29DAC}
		{E26D0B3E-B67C-4EBE-94C6-93274E582A14} = {89117899-6EF6-427E-B3C6-946ACEEF294D}
		{E888586F-0FCC-40A3-B6A1-8DBC2136285C} = {89117899-6EF6-427E-B3C6-946ACEEF294D}
		{CE61844F-7D03-4FFE-8738-291969E86FB5} = {E888586F-0FCC-40A3-B6A1-8DBC2136285C}
		{7C0DFA87-6760-4818-BE92-54104F927B6F} = {E888586F-0FCC-40A3-B6A1-8DBC2136285C}
		{BCE5406E-2B0C-401D-996E-E2BF2AADC52C} = {E888586F-0FCC-40A3-B6A1-8DBC2136285C}
		{0693CB53-C2EC-482E-BCAE-493E6B1BBEC4} = {E888586F-0FCC-40A3-B6A1-8DBC2136285C}
		{64F4E564-2998-4997-B753-AA58CC1E65AE} = {E888586F-0FCC-40A3-B6A1-8DBC2136285C}
		{27496599-E9D2-448E-BB41-F6CA6E01FDF6} = {E888586F-0FCC-40A3-B6A1-8DBC2136285C}
		{C6C970CF-CFF5-48DA-BFC4-0846A1B25B92} = {E888586F-0FCC-40A3-B6A1-8DBC2136285C}
		{CD385858-B767-4FA3-A08B-96476C95AC06} = {D7AEE59B-5776-4D1A-97DB-255C475CE054}
		{FAB9BABE-3C3C-4DF0-B7FD-C83A80395A21} = {D7AEE59B-5776-4D1A-97DB-255C475CE054}
		{D7AEE59B-5776-4D1A-97DB-255C475CE054} = {20959FD4-9375-4F75-839B-029A0DF29DAC}
		{14296729-94F5-4EDA-8DDC-3F0F475C810C} = {E888586F-0FCC-40A3-B6A1-8DBC2136285C}
		{E59686B0-F0B3-47D8-B72E-0061406CA78B} = {E888586F-0FCC-40A3-B6A1-8DBC2136285C}
		{0E2049F5-7E83-4F73-ACBC-C56D737C21F0} = {EF037254-C21F-4EDA-98D1-9BFF2FEE3156}
		{EF037254-C21F-4EDA-98D1-9BFF2FEE3156} = {20959FD4-9375-4F75-839B-029A0DF29DAC}
		{8069BD4A-7A89-4DF6-AEDF-638B804984E4} = {20959FD4-9375-4F75-839B-029A0DF29DAC}
		{2C8F9C9B-965E-45E9-B897-09F440EE24AF} = {20959FD4-9375-4F75-839B-029A0DF29DAC}
		{28B577A4-3315-4859-87A4-6B1386CE67C0} = {89117899-6EF6-427E-B3C6-946ACEEF294D}
		{6A45B0FE-5E3E-4E3D-9C4E-5BDA1896D1F5} = {28B577A4-3315-4859-87A4-6B1386CE67C0}
		{D9AD11D5-2E55-4581-9AA3-BDD74B617805} = {20959FD4-9375-4F75-839B-029A0DF29DAC}
	EndGlobalSection
	GlobalSection(ExtensibilityGlobals) = postSolution
		SolutionGuid = {2F717B8E-657A-4319-BEC4-4552393658F5}
	EndGlobalSection
EndGlobal
